
Microsoft Visual Studio Solution File, Format Version 12.00
# Visual Studio 15
VisualStudioVersion = 15.0.28307.779
MinimumVisualStudioVersion = 10.0.40219.1
Project("{FAE04EC0-301F-11D3-BF4B-00C04F79EFBC}") = "Comparacion_numeros", "Comparacion_numeros\Comparacion_numeros.csproj", "{648DE09A-B6E7-4877-83CC-FB82CE163541}"
EndProject
Global
	GlobalSection(SolutionConfigurationPlatforms) = preSolution
		Debug|Any CPU = Debug|Any CPU
		Release|Any CPU = Release|Any CPU
	EndGlobalSection
	GlobalSection(ProjectConfigurationPlatforms) = postSolution
		{648DE09A-B6E7-4877-83CC-FB82CE163541}.Debug|Any CPU.ActiveCfg = Debug|Any CPU
		{648DE09A-B6E7-4877-83CC-FB82CE163541}.Debug|Any CPU.Build.0 = Debug|Any CPU
		{648DE09A-B6E7-4877-83CC-FB82CE163541}.Release|Any CPU.ActiveCfg = Release|Any CPU
		{648DE09A-B6E7-4877-83CC-FB82CE163541}.Release|Any CPU.Build.0 = Release|Any CPU
	EndGlobalSection
	GlobalSection(SolutionProperties) = preSolution
		HideSolutionNode = FALSE
	EndGlobalSection
	GlobalSection(ExtensibilityGlobals) = postSolution
		SolutionGuid = {4B4356AD-91D2-44C0-9272-BF1AF0C08325}
	EndGlobalSection
EndGlobal
